
Microsoft Visual Studio Solution File, Format Version 12.00
# Visual Studio Version 17
VisualStudioVersion = 17.9.34728.123
MinimumVisualStudioVersion = 10.0.40219.1
Project("{FAE04EC0-301F-11D3-BF4B-00C04F79EFBC}") = "GiveAnywhere", "GiveAnywhere.csproj", "{C077599C-CB47-424A-9129-EC8F30055A24}"
EndProject
Global
	GlobalSection(SolutionConfigurationPlatforms) = preSolution
		Debug|Any CPU = Debug|Any CPU
		Release|Any CPU = Release|Any CPU
	EndGlobalSection
	GlobalSection(ProjectConfigurationPlatforms) = postSolution
		{C077599C-CB47-424A-9129-EC8F30055A24}.Debug|Any CPU.ActiveCfg = Debug|Any CPU
		{C077599C-CB47-424A-9129-EC8F30055A24}.Debug|Any CPU.Build.0 = Debug|Any CPU
		{C077599C-CB47-424A-9129-EC8F30055A24}.Release|Any CPU.ActiveCfg = Release|Any CPU
		{C077599C-CB47-424A-9129-EC8F30055A24}.Release|Any CPU.Build.0 = Release|Any CPU
	EndGlobalSection
	GlobalSection(SolutionProperties) = preSolution
		HideSolutionNode = FALSE
	EndGlobalSection
	GlobalSection(ExtensibilityGlobals) = postSolution
		SolutionGuid = {C7801E21-E115-41F6-89A7-8E2488E13684}
	EndGlobalSection
EndGlobal
